
Microsoft Visual Studio Solution File, Format Version 11.00
# Visual Studio 2010
Project("{8BC9CEB8-8B4A-11D0-8D11-00A0C91BC942}") = "模态与非模态", "模态与非模态\模态与非模态.vcxproj", "{F363EC69-D769-4546-98FB-C0F3C882F058}"
EndProject
Project("{8BC9CEB8-8B4A-11D0-8D11-00A0C91BC942}") = "屏幕保护程序", "屏幕保护程序\屏幕保护程序.vcxproj", "{9D9A03AF-D768-4D6F-9DC4-1CA9A9896C8C}"
EndProject
Project("{8BC9CEB8-8B4A-11D0-8D11-00A0C91BC942}") = "MiniSaver", "MiniSaver\MiniSaver.vcxproj", "{541BE4D8-2B7F-438F-9DE9-D55617C5DDE0}"
EndProject
Project("{8BC9CEB8-8B4A-11D0-8D11-00A0C91BC942}") = "存储窗体位置", "存储窗体位置\存储窗体位置.vcxproj", "{E7D98F4F-AE89-435F-BD53-D7E45FB02225}"
EndProject
Project("{8BC9CEB8-8B4A-11D0-8D11-00A0C91BC942}") = "简单Gif", "简单Gif\简单Gif.vcxproj", "{A1850746-3CE5-4BD2-A36A-10B792B7D8D2}"
EndProject
Project("{8BC9CEB8-8B4A-11D0-8D11-00A0C91BC942}") = "打击小游戏", "打击小游戏\打击小游戏.vcxproj", "{A47EBB3C-E527-42F9-B977-03931875186D}"
EndProject
Project("{8BC9CEB8-8B4A-11D0-8D11-00A0C91BC942}") = "自定义资源的操作", "自定义资源的操作\自定义资源的操作.vcxproj", "{2FCF0A37-B891-4A79-A108-BE792ADCA9F4}"
EndProject
Project("{8BC9CEB8-8B4A-11D0-8D11-00A0C91BC942}") = "TextDll", "TextDll\TextDll.vcxproj", "{FC06F95C-D85B-427B-9E04-A04D5E7D1B0E}"
EndProject
Project("{8BC9CEB8-8B4A-11D0-8D11-00A0C91BC942}") = "textDemo", "textDemo\textDemo.vcxproj", "{E253A0FC-6D8A-46D5-AFBB-5BA4EAD10A7F}"
EndProject
Project("{8BC9CEB8-8B4A-11D0-8D11-00A0C91BC942}") = "TextDll2", "TextDll2\TextDll2.vcxproj", "{4699F8EC-6324-4DEA-AF33-B8882695C811}"
EndProject
Project("{8BC9CEB8-8B4A-11D0-8D11-00A0C91BC942}") = "TextDemo2", "TextDemo2\TextDemo2.vcxproj", "{E902AEE3-CCA4-4E74-BC57-65B837BC929E}"
EndProject
Project("{8BC9CEB8-8B4A-11D0-8D11-00A0C91BC942}") = "更改图标测试", "更改图标测试\更改图标测试.vcxproj", "{9BAB41CE-52F1-4155-988F-DCBCD8453557}"
EndProject
Project("{8BC9CEB8-8B4A-11D0-8D11-00A0C91BC942}") = "自定义消息", "自定义消息\自定义消息.vcxproj", "{E6A25EFF-E80F-4CC9-8415-C6B99B2EB7F0}"
EndProject
Project("{8BC9CEB8-8B4A-11D0-8D11-00A0C91BC942}") = "文件标准对话框", "文件标准对话框\文件标准对话框.vcxproj", "{48F11409-808F-41F7-B188-614E442C7875}"
EndProject
Project("{8BC9CEB8-8B4A-11D0-8D11-00A0C91BC942}") = "修改对话框标题", "修改标题_欢迎_退出确认_遍历控件_Esc按键屏蔽\修改对话框标题.vcxproj", "{8129E75B-8D66-4260-A170-96BF6C3ED6E7}"
EndProject
Project("{8BC9CEB8-8B4A-11D0-8D11-00A0C91BC942}") = "登录界面2", "登录验证_始终最上_QQ隐藏_隐藏显示标题栏_设置MFCToolBar\登录界面2.vcxproj", "{B5AEAEED-0860-4BE4-A800-5981944C109D}"
EndProject
Project("{8BC9CEB8-8B4A-11D0-8D11-00A0C91BC942}") = "可调节透明度的窗体", "可调节透明度的窗体\可调节透明度的窗体.vcxproj", "{3EFCEE08-72C9-465E-87AF-19DAC33DBC1D}"
EndProject
Project("{8BC9CEB8-8B4A-11D0-8D11-00A0C91BC942}") = "单文档应用程序", "单文档应用程序_视图背景OnDraw_视图初始化_拆分窗口\单文档应用程序.vcxproj", "{D891BB96-BB51-4B37-B9EF-35470435FDF8}"
EndProject
Project("{8BC9CEB8-8B4A-11D0-8D11-00A0C91BC942}") = "星座物语2", "视图和工具栏配合_星座物语\星座物语2.vcxproj", "{46748B8C-B1CF-41E2-9FBB-5FAE38ACA09B}"
EndProject
Project("{8BC9CEB8-8B4A-11D0-8D11-00A0C91BC942}") = "图标导航", "图标导航_分割窗口_分割窗口互相通信\图标导航.vcxproj", "{FED1F1DC-F12F-4BBB-BB97-E07298DEE456}"
EndProject
Project("{8BC9CEB8-8B4A-11D0-8D11-00A0C91BC942}") = "树形导航", "树形导航_树形视图添加节点_通过继承修改框架中类的行为\树形导航.vcxproj", "{5461F7EC-467B-4573-9B18-829492988207}"
EndProject
Project("{8BC9CEB8-8B4A-11D0-8D11-00A0C91BC942}") = "表单视图中设计窗体", "表单视图中设计窗体[对话框视图]_控件大小等比例变化\表单视图中设计窗体.vcxproj", "{3EDBD0F3-3B4D-4B52-9C24-F9FE190D4BDB}"
EndProject
Project("{8BC9CEB8-8B4A-11D0-8D11-00A0C91BC942}") = "目录树视图", "目录树视图_类似于window的资源管理器的树★\目录树视图.vcxproj", "{7939D9D3-A0CC-4686-91E9-C08CB016AFE3}"
EndProject
Project("{8BC9CEB8-8B4A-11D0-8D11-00A0C91BC942}") = "对话框调用文档视图(打印)", "对话框调用文档视图(打印)\对话框调用文档视图(打印).vcxproj", "{A8ADFA6E-6AD0-4B80-BA82-0242E9CC5F78}"
EndProject
Project("{8BC9CEB8-8B4A-11D0-8D11-00A0C91BC942}") = "使用HTML视图设计网页浏览器", "使用HTML视图设计网页浏览器_dlgbar附加到框架上[设置]\使用HTML视图设计网页浏览器.vcxproj", "{49A9FF31-90CF-4AB0-A9C2-AAC6AB1E4866}"
EndProject
Project("{8BC9CEB8-8B4A-11D0-8D11-00A0C91BC942}") = "浮动窗口", "浮动窗口_涉及到对话框_浮动窗口_窗口大小自动调整(比较复杂)★\浮动窗口.vcxproj", "{DA72D544-CFAD-497A-97F7-6E3A6EB2B224}"
EndProject
Project("{8BC9CEB8-8B4A-11D0-8D11-00A0C91BC942}") = "自绘静态文本", "自绘静态文本_静态文本和单多选的背景透明\自绘静态文本.vcxproj", "{F2516409-9FC3-4F4E-ABB7-4EF0E77ADAD6}"
EndProject
Project("{8BC9CEB8-8B4A-11D0-8D11-00A0C91BC942}") = "自绘网页超链接静态文本", "自绘网页超链接静态文本_处理自绘_控件中消息处理_PreSubclassWindow\自绘网页超链接静态文本.vcxproj", "{862C464E-2EBA-4146-82F4-15303C1FC89F}"
EndProject
Project("{8BC9CEB8-8B4A-11D0-8D11-00A0C91BC942}") = "金额转换", "金额转换_通过继承并实现验证[添加了控件功能]_背景绘制可以在ctlcolor\金额转换.vcxproj", "{8EA5AA6B-565D-4DC6-91F0-5A788283F1FB}"
EndProject
Project("{8BC9CEB8-8B4A-11D0-8D11-00A0C91BC942}") = "密码属性", "实现真正密码属性_在ctlcolor绘制背景\密码属性.vcxproj", "{1260DA47-724F-4676-AC96-035B40E451E7}"
EndProject
Project("{8BC9CEB8-8B4A-11D0-8D11-00A0C91BC942}") = "列表项的上移下移", "列表项的上移下移\列表项的上移下移.vcxproj", "{3B4E680F-9206-4AEE-96C4-4DF75CA0D9F6}"
EndProject
Project("{8BC9CEB8-8B4A-11D0-8D11-00A0C91BC942}") = "列表框数据交换", "列表框数据交换_左(右)移全部左(右)移\列表框数据交换.vcxproj", "{A7E5BD43-4CC9-4621-AA54-A0037DC3FE41}"
EndProject
Project("{8BC9CEB8-8B4A-11D0-8D11-00A0C91BC942}") = "电子时钟", "电子时钟_数码管效果_CMemDC避免闪烁_子类化和DDX技术\电子时钟.vcxproj", "{09AF5B3E-8E83-4EE4-BA32-67AE2CE800F9}"
EndProject
Project("{8BC9CEB8-8B4A-11D0-8D11-00A0C91BC942}") = "编辑框输入时列表框也显示", "编辑框输入时列表框也显示_键盘(鼠标)消息处理_ADO访问数据库\编辑框输入时列表框也显示.vcxproj", "{706B80F0-0CA9-4F6D-B26A-D3268626A983}"
EndProject
Project("{8BC9CEB8-8B4A-11D0-8D11-00A0C91BC942}") = "多彩编辑框", "多彩编辑框_编辑框和文字的定制(派生Edit类)\多彩编辑框.vcxproj", "{F7A59952-196E-4099-A858-1010C4284126}"
EndProject
Project("{8BC9CEB8-8B4A-11D0-8D11-00A0C91BC942}") = "带动画的按钮", "带动画的按钮_按钮重绘DrawItem\带动画的按钮.vcxproj", "{E5BE8E3F-9165-4C56-AEB4-C3703F436CBB}"
EndProject
Project("{8BC9CEB8-8B4A-11D0-8D11-00A0C91BC942}") = "QQ登录式用户选择列表", "QQ登录式用户选择列表_可进行大量扩充\QQ登录式用户选择列表.vcxproj", "{1897A5C3-E00B-4E4E-9FBA-FFE5DFC5BD30}"
EndProject
Project("{8BC9CEB8-8B4A-11D0-8D11-00A0C91BC942}") = "汉字拼音简码", "汉字拼音简码\汉字拼音简码.vcxproj", "{B1782056-D9FB-46E2-AF3F-45D3AB988A53}"
EndProject
Project("{8BC9CEB8-8B4A-11D0-8D11-00A0C91BC942}") = "进制转换器", "进制转换器_注意数字和退格验证_拓展到从2到36进制\进制转换器.vcxproj", "{BB5DABE8-3858-45CF-99BE-4393F041247D}"
EndProject
Project("{8BC9CEB8-8B4A-11D0-8D11-00A0C91BC942}") = "实现问卷功能", "实现问卷功能\实现问卷功能.vcxproj", "{5293E907-7BF8-4121-B360-7CD07D0E12DC}"
EndProject
Project("{8BC9CEB8-8B4A-11D0-8D11-00A0C91BC942}") = "月历时间控件相互关联", "月历时间控件相互关联\月历时间控件相互关联.vcxproj", "{BAF56366-9226-46D1-9E6A-9AE62A240F37}"
EndProject
Project("{8BC9CEB8-8B4A-11D0-8D11-00A0C91BC942}") = "控件随对话框等比例变化", "控件随对话框等比例变化_注意构造函数_开始的时候不能使用OnSize\控件随对话框等比例变化.vcxproj", "{E8F08F42-C1D5-4484-97E3-FEE3ACEE83D7}"
EndProject
Project("{8BC9CEB8-8B4A-11D0-8D11-00A0C91BC942}") = "汉字和区位码转换", "汉字和区位码转换_互相转换算法\汉字和区位码转换.vcxproj", "{25A0D6FD-2E58-4469-9077-83E1953262EB}"
EndProject
Project("{8BC9CEB8-8B4A-11D0-8D11-00A0C91BC942}") = "使用组合框列举磁盘目录", "使用组合框列举磁盘目录\使用组合框列举磁盘目录.vcxproj", "{5C1F246E-B629-4C78-99F4-57746180E561}"
EndProject
Project("{8BC9CEB8-8B4A-11D0-8D11-00A0C91BC942}") = "为ListBox添加背景", "为ListBox添加背景_还有Bug就是选中一直往下拖会报错\为ListBox添加背景.vcxproj", "{9B31882F-7DAE-4768-831D-70352EF7CFCE}"
EndProject
Project("{8BC9CEB8-8B4A-11D0-8D11-00A0C91BC942}") = "带历史信息的菜单", "带历史信息的菜单_折叠展开菜单项_改变可选状态_擦除背景消息\带历史信息的菜单.vcxproj", "{A58EC35B-666B-4D6A-85FB-26703A3CF1CD}"
EndProject
Project("{8BC9CEB8-8B4A-11D0-8D11-00A0C91BC942}") = "从数据库动态生成菜单", "根据数据库动态生成菜单_ADO操作Access\从数据库动态生成菜单.vcxproj", "{C5EB6991-713A-46AF-8238-4732C43B2C90}"
EndProject
Project("{8BC9CEB8-8B4A-11D0-8D11-00A0C91BC942}") = "根据ini文件动态生成菜单", "根据ini文件动态生成菜单\根据ini文件动态生成菜单.vcxproj", "{40C66909-E288-4443-A9D3-1E32870E44D6}"
EndProject
Project("{8BC9CEB8-8B4A-11D0-8D11-00A0C91BC942}") = "根据XML文件动态生成菜单", "根据XML文件动态生成菜单\根据XML文件动态生成菜单.vcxproj", "{E4AEA987-82BC-489B-97D0-95276775C3CC}"
EndProject
Project("{8BC9CEB8-8B4A-11D0-8D11-00A0C91BC942}") = "任务栏托盘菜单", "任务栏托盘菜单\任务栏托盘菜单.vcxproj", "{1F43915A-FB65-442A-BB2D-BD62587CCD1F}"
EndProject
Project("{8BC9CEB8-8B4A-11D0-8D11-00A0C91BC942}") = "状态栏操作", "状态栏设置_在状态栏中加入其它控件(进度条)\状态栏操作.vcxproj", "{626A63A2-4841-49C4-88CC-8A795AE66B0A}"
EndProject
Project("{8BC9CEB8-8B4A-11D0-8D11-00A0C91BC942}") = "根据菜单生成工具栏", "根据菜单生成工具栏\根据菜单生成工具栏.vcxproj", "{8A60DC1A-5FEB-4515-AEC7-3DE385C0FA9F}"
EndProject
Project("{8BC9CEB8-8B4A-11D0-8D11-00A0C91BC942}") = "图像列表控件", "图像列表控件_列表视图_列表视图背景需要初始化COM\图像列表控件.vcxproj", "{D4A2122C-10EC-4ECC-AA2B-77451683E475}"
EndProject
Project("{8BC9CEB8-8B4A-11D0-8D11-00A0C91BC942}") = "修改树控件的文本颜色", "修改树控件的文本颜色_连接线_正常和点击时图标\修改树控件的文本颜色.vcxproj", "{1AA44EEA-9E02-4731-8259-E7FBBC098054}"
EndProject
Project("{8BC9CEB8-8B4A-11D0-8D11-00A0C91BC942}") = "绘图之字体", "绘图对象_文本_图形_BMP图像_绘制控件\绘图之字体.vcxproj", "{79865053-A647-47B2-8B29-8E651BCA500D}"
EndProject
Project("{8BC9CEB8-8B4A-11D0-8D11-00A0C91BC942}") = "显示JPEG图像", "显示JPEG图像和单帧GIF图像\显示JPEG图像.vcxproj", "{484D0B27-0BC7-4394-B15B-3378BB1C695F}"
EndProject
Project("{8BC9CEB8-8B4A-11D0-8D11-00A0C91BC942}") = "GDIplus使用", "GDI+使用_BMP-jpeg-gif转码\GDIplus使用.vcxproj", "{385CB16E-10B7-4811-A3A7-C738CCDBB815}"
EndProject
Project("{8BC9CEB8-8B4A-11D0-8D11-00A0C91BC942}") = "GDIplus显示GIF动图", "GDIplus显示GIF动图\GDIplus显示GIF动图.vcxproj", "{7DDB2990-30E8-4DB7-8E56-D9FC33E46960}"
EndProject
Project("{8BC9CEB8-8B4A-11D0-8D11-00A0C91BC942}") = "绘制按钮", "绘制按钮+文字\绘制按钮.vcxproj", "{2C38554F-1265-463F-8224-39695BEA25D3}"
EndProject
Project("{8BC9CEB8-8B4A-11D0-8D11-00A0C91BC942}") = "居中显示图片", "居中显示图片_居中的数学意义\居中显示图片.vcxproj", "{CC36F267-4779-4CF9-AE84-42EC9E4A4438}"
EndProject
Project("{8BC9CEB8-8B4A-11D0-8D11-00A0C91BC942}") = "根据点类型绘制图案", "根据点类型绘制图案_路径_绘制五角星\根据点类型绘制图案.vcxproj", "{359E3342-A38C-4B08-A17A-8AAF68BA172F}"
EndProject
Global
	GlobalSection(SolutionConfigurationPlatforms) = preSolution
		Debug|Win32 = Debug|Win32
		Release|Win32 = Release|Win32
	EndGlobalSection
	GlobalSection(ProjectConfigurationPlatforms) = postSolution
		{F363EC69-D769-4546-98FB-C0F3C882F058}.Debug|Win32.ActiveCfg = Debug|Win32
		{F363EC69-D769-4546-98FB-C0F3C882F058}.Debug|Win32.Build.0 = Debug|Win32
		{F363EC69-D769-4546-98FB-C0F3C882F058}.Release|Win32.ActiveCfg = Release|Win32
		{F363EC69-D769-4546-98FB-C0F3C882F058}.Release|Win32.Build.0 = Release|Win32
		{9D9A03AF-D768-4D6F-9DC4-1CA9A9896C8C}.Debug|Win32.ActiveCfg = Debug|Win32
		{9D9A03AF-D768-4D6F-9DC4-1CA9A9896C8C}.Debug|Win32.Build.0 = Debug|Win32
		{9D9A03AF-D768-4D6F-9DC4-1CA9A9896C8C}.Release|Win32.ActiveCfg = Release|Win32
		{9D9A03AF-D768-4D6F-9DC4-1CA9A9896C8C}.Release|Win32.Build.0 = Release|Win32
		{541BE4D8-2B7F-438F-9DE9-D55617C5DDE0}.Debug|Win32.ActiveCfg = Debug|Win32
		{541BE4D8-2B7F-438F-9DE9-D55617C5DDE0}.Debug|Win32.Build.0 = Debug|Win32
		{541BE4D8-2B7F-438F-9DE9-D55617C5DDE0}.Release|Win32.ActiveCfg = Release|Win32
		{541BE4D8-2B7F-438F-9DE9-D55617C5DDE0}.Release|Win32.Build.0 = Release|Win32
		{E7D98F4F-AE89-435F-BD53-D7E45FB02225}.Debug|Win32.ActiveCfg = Debug|Win32
		{E7D98F4F-AE89-435F-BD53-D7E45FB02225}.Debug|Win32.Build.0 = Debug|Win32
		{E7D98F4F-AE89-435F-BD53-D7E45FB02225}.Release|Win32.ActiveCfg = Release|Win32
		{E7D98F4F-AE89-435F-BD53-D7E45FB02225}.Release|Win32.Build.0 = Release|Win32
		{A1850746-3CE5-4BD2-A36A-10B792B7D8D2}.Debug|Win32.ActiveCfg = Debug|Win32
		{A1850746-3CE5-4BD2-A36A-10B792B7D8D2}.Debug|Win32.Build.0 = Debug|Win32
		{A1850746-3CE5-4BD2-A36A-10B792B7D8D2}.Release|Win32.ActiveCfg = Release|Win32
		{A1850746-3CE5-4BD2-A36A-10B792B7D8D2}.Release|Win32.Build.0 = Release|Win32
		{A47EBB3C-E527-42F9-B977-03931875186D}.Debug|Win32.ActiveCfg = Debug|Win32
		{A47EBB3C-E527-42F9-B977-03931875186D}.Debug|Win32.Build.0 = Debug|Win32
		{A47EBB3C-E527-42F9-B977-03931875186D}.Release|Win32.ActiveCfg = Release|Win32
		{A47EBB3C-E527-42F9-B977-03931875186D}.Release|Win32.Build.0 = Release|Win32
		{2FCF0A37-B891-4A79-A108-BE792ADCA9F4}.Debug|Win32.ActiveCfg = Debug|Win32
		{2FCF0A37-B891-4A79-A108-BE792ADCA9F4}.Debug|Win32.Build.0 = Debug|Win32
		{2FCF0A37-B891-4A79-A108-BE792ADCA9F4}.Release|Win32.ActiveCfg = Release|Win32
		{2FCF0A37-B891-4A79-A108-BE792ADCA9F4}.Release|Win32.Build.0 = Release|Win32
		{FC06F95C-D85B-427B-9E04-A04D5E7D1B0E}.Debug|Win32.ActiveCfg = Debug|Win32
		{FC06F95C-D85B-427B-9E04-A04D5E7D1B0E}.Debug|Win32.Build.0 = Debug|Win32
		{FC06F95C-D85B-427B-9E04-A04D5E7D1B0E}.Release|Win32.ActiveCfg = Release|Win32
		{FC06F95C-D85B-427B-9E04-A04D5E7D1B0E}.Release|Win32.Build.0 = Release|Win32
		{E253A0FC-6D8A-46D5-AFBB-5BA4EAD10A7F}.Debug|Win32.ActiveCfg = Debug|Win32
		{E253A0FC-6D8A-46D5-AFBB-5BA4EAD10A7F}.Debug|Win32.Build.0 = Debug|Win32
		{E253A0FC-6D8A-46D5-AFBB-5BA4EAD10A7F}.Release|Win32.ActiveCfg = Release|Win32
		{E253A0FC-6D8A-46D5-AFBB-5BA4EAD10A7F}.Release|Win32.Build.0 = Release|Win32
		{4699F8EC-6324-4DEA-AF33-B8882695C811}.Debug|Win32.ActiveCfg = Debug|Win32
		{4699F8EC-6324-4DEA-AF33-B8882695C811}.Debug|Win32.Build.0 = Debug|Win32
		{4699F8EC-6324-4DEA-AF33-B8882695C811}.Release|Win32.ActiveCfg = Release|Win32
		{4699F8EC-6324-4DEA-AF33-B8882695C811}.Release|Win32.Build.0 = Release|Win32
		{E902AEE3-CCA4-4E74-BC57-65B837BC929E}.Debug|Win32.ActiveCfg = Debug|Win32
		{E902AEE3-CCA4-4E74-BC57-65B837BC929E}.Debug|Win32.Build.0 = Debug|Win32
		{E902AEE3-CCA4-4E74-BC57-65B837BC929E}.Release|Win32.ActiveCfg = Release|Win32
		{E902AEE3-CCA4-4E74-BC57-65B837BC929E}.Release|Win32.Build.0 = Release|Win32
		{9BAB41CE-52F1-4155-988F-DCBCD8453557}.Debug|Win32.ActiveCfg = Debug|Win32
		{9BAB41CE-52F1-4155-988F-DCBCD8453557}.Debug|Win32.Build.0 = Debug|Win32
		{9BAB41CE-52F1-4155-988F-DCBCD8453557}.Release|Win32.ActiveCfg = Release|Win32
		{9BAB41CE-52F1-4155-988F-DCBCD8453557}.Release|Win32.Build.0 = Release|Win32
		{E6A25EFF-E80F-4CC9-8415-C6B99B2EB7F0}.Debug|Win32.ActiveCfg = Debug|Win32
		{E6A25EFF-E80F-4CC9-8415-C6B99B2EB7F0}.Debug|Win32.Build.0 = Debug|Win32
		{E6A25EFF-E80F-4CC9-8415-C6B99B2EB7F0}.Release|Win32.ActiveCfg = Release|Win32
		{E6A25EFF-E80F-4CC9-8415-C6B99B2EB7F0}.Release|Win32.Build.0 = Release|Win32
		{48F11409-808F-41F7-B188-614E442C7875}.Debug|Win32.ActiveCfg = Debug|Win32
		{48F11409-808F-41F7-B188-614E442C7875}.Debug|Win32.Build.0 = Debug|Win32
		{48F11409-808F-41F7-B188-614E442C7875}.Release|Win32.ActiveCfg = Release|Win32
		{48F11409-808F-41F7-B188-614E442C7875}.Release|Win32.Build.0 = Release|Win32
		{8129E75B-8D66-4260-A170-96BF6C3ED6E7}.Debug|Win32.ActiveCfg = Debug|Win32
		{8129E75B-8D66-4260-A170-96BF6C3ED6E7}.Debug|Win32.Build.0 = Debug|Win32
		{8129E75B-8D66-4260-A170-96BF6C3ED6E7}.Release|Win32.ActiveCfg = Release|Win32
		{8129E75B-8D66-4260-A170-96BF6C3ED6E7}.Release|Win32.Build.0 = Release|Win32
		{B5AEAEED-0860-4BE4-A800-5981944C109D}.Debug|Win32.ActiveCfg = Debug|Win32
		{B5AEAEED-0860-4BE4-A800-5981944C109D}.Debug|Win32.Build.0 = Debug|Win32
		{B5AEAEED-0860-4BE4-A800-5981944C109D}.Release|Win32.ActiveCfg = Release|Win32
		{B5AEAEED-0860-4BE4-A800-5981944C109D}.Release|Win32.Build.0 = Release|Win32
		{3EFCEE08-72C9-465E-87AF-19DAC33DBC1D}.Debug|Win32.ActiveCfg = Debug|Win32
		{3EFCEE08-72C9-465E-87AF-19DAC33DBC1D}.Debug|Win32.Build.0 = Debug|Win32
		{3EFCEE08-72C9-465E-87AF-19DAC33DBC1D}.Release|Win32.ActiveCfg = Release|Win32
		{3EFCEE08-72C9-465E-87AF-19DAC33DBC1D}.Release|Win32.Build.0 = Release|Win32
		{D891BB96-BB51-4B37-B9EF-35470435FDF8}.Debug|Win32.ActiveCfg = Debug|Win32
		{D891BB96-BB51-4B37-B9EF-35470435FDF8}.Debug|Win32.Build.0 = Debug|Win32
		{D891BB96-BB51-4B37-B9EF-35470435FDF8}.Release|Win32.ActiveCfg = Release|Win32
		{D891BB96-BB51-4B37-B9EF-35470435FDF8}.Release|Win32.Build.0 = Release|Win32
		{46748B8C-B1CF-41E2-9FBB-5FAE38ACA09B}.Debug|Win32.ActiveCfg = Debug|Win32
		{46748B8C-B1CF-41E2-9FBB-5FAE38ACA09B}.Debug|Win32.Build.0 = Debug|Win32
		{46748B8C-B1CF-41E2-9FBB-5FAE38ACA09B}.Release|Win32.ActiveCfg = Release|Win32
		{46748B8C-B1CF-41E2-9FBB-5FAE38ACA09B}.Release|Win32.Build.0 = Release|Win32
		{FED1F1DC-F12F-4BBB-BB97-E07298DEE456}.Debug|Win32.ActiveCfg = Debug|Win32
		{FED1F1DC-F12F-4BBB-BB97-E07298DEE456}.Debug|Win32.Build.0 = Debug|Win32
		{FED1F1DC-F12F-4BBB-BB97-E07298DEE456}.Release|Win32.ActiveCfg = Release|Win32
		{FED1F1DC-F12F-4BBB-BB97-E07298DEE456}.Release|Win32.Build.0 = Release|Win32
		{5461F7EC-467B-4573-9B18-829492988207}.Debug|Win32.ActiveCfg = Debug|Win32
		{5461F7EC-467B-4573-9B18-829492988207}.Debug|Win32.Build.0 = Debug|Win32
		{5461F7EC-467B-4573-9B18-829492988207}.Release|Win32.ActiveCfg = Release|Win32
		{5461F7EC-467B-4573-9B18-829492988207}.Release|Win32.Build.0 = Release|Win32
		{3EDBD0F3-3B4D-4B52-9C24-F9FE190D4BDB}.Debug|Win32.ActiveCfg = Debug|Win32
		{3EDBD0F3-3B4D-4B52-9C24-F9FE190D4BDB}.Debug|Win32.Build.0 = Debug|Win32
		{3EDBD0F3-3B4D-4B52-9C24-F9FE190D4BDB}.Release|Win32.ActiveCfg = Release|Win32
		{3EDBD0F3-3B4D-4B52-9C24-F9FE190D4BDB}.Release|Win32.Build.0 = Release|Win32
		{7939D9D3-A0CC-4686-91E9-C08CB016AFE3}.Debug|Win32.ActiveCfg = Debug|Win32
		{7939D9D3-A0CC-4686-91E9-C08CB016AFE3}.Debug|Win32.Build.0 = Debug|Win32
		{7939D9D3-A0CC-4686-91E9-C08CB016AFE3}.Release|Win32.ActiveCfg = Release|Win32
		{7939D9D3-A0CC-4686-91E9-C08CB016AFE3}.Release|Win32.Build.0 = Release|Win32
		{A8ADFA6E-6AD0-4B80-BA82-0242E9CC5F78}.Debug|Win32.ActiveCfg = Debug|Win32
		{A8ADFA6E-6AD0-4B80-BA82-0242E9CC5F78}.Debug|Win32.Build.0 = Debug|Win32
		{A8ADFA6E-6AD0-4B80-BA82-0242E9CC5F78}.Release|Win32.ActiveCfg = Release|Win32
		{A8ADFA6E-6AD0-4B80-BA82-0242E9CC5F78}.Release|Win32.Build.0 = Release|Win32
		{49A9FF31-90CF-4AB0-A9C2-AAC6AB1E4866}.Debug|Win32.ActiveCfg = Debug|Win32
		{49A9FF31-90CF-4AB0-A9C2-AAC6AB1E4866}.Debug|Win32.Build.0 = Debug|Win32
		{49A9FF31-90CF-4AB0-A9C2-AAC6AB1E4866}.Release|Win32.ActiveCfg = Release|Win32
		{49A9FF31-90CF-4AB0-A9C2-AAC6AB1E4866}.Release|Win32.Build.0 = Release|Win32
		{DA72D544-CFAD-497A-97F7-6E3A6EB2B224}.Debug|Win32.ActiveCfg = Debug|Win32
		{DA72D544-CFAD-497A-97F7-6E3A6EB2B224}.Debug|Win32.Build.0 = Debug|Win32
		{DA72D544-CFAD-497A-97F7-6E3A6EB2B224}.Release|Win32.ActiveCfg = Release|Win32
		{DA72D544-CFAD-497A-97F7-6E3A6EB2B224}.Release|Win32.Build.0 = Release|Win32
		{F2516409-9FC3-4F4E-ABB7-4EF0E77ADAD6}.Debug|Win32.ActiveCfg = Debug|Win32
		{F2516409-9FC3-4F4E-ABB7-4EF0E77ADAD6}.Debug|Win32.Build.0 = Debug|Win32
		{F2516409-9FC3-4F4E-ABB7-4EF0E77ADAD6}.Release|Win32.ActiveCfg = Release|Win32
		{F2516409-9FC3-4F4E-ABB7-4EF0E77ADAD6}.Release|Win32.Build.0 = Release|Win32
		{862C464E-2EBA-4146-82F4-15303C1FC89F}.Debug|Win32.ActiveCfg = Debug|Win32
		{862C464E-2EBA-4146-82F4-15303C1FC89F}.Debug|Win32.Build.0 = Debug|Win32
		{862C464E-2EBA-4146-82F4-15303C1FC89F}.Release|Win32.ActiveCfg = Release|Win32
		{862C464E-2EBA-4146-82F4-15303C1FC89F}.Release|Win32.Build.0 = Release|Win32
		{8EA5AA6B-565D-4DC6-91F0-5A788283F1FB}.Debug|Win32.ActiveCfg = Debug|Win32
		{8EA5AA6B-565D-4DC6-91F0-5A788283F1FB}.Debug|Win32.Build.0 = Debug|Win32
		{8EA5AA6B-565D-4DC6-91F0-5A788283F1FB}.Release|Win32.ActiveCfg = Release|Win32
		{8EA5AA6B-565D-4DC6-91F0-5A788283F1FB}.Release|Win32.Build.0 = Release|Win32
		{1260DA47-724F-4676-AC96-035B40E451E7}.Debug|Win32.ActiveCfg = Debug|Win32
		{1260DA47-724F-4676-AC96-035B40E451E7}.Debug|Win32.Build.0 = Debug|Win32
		{1260DA47-724F-4676-AC96-035B40E451E7}.Release|Win32.ActiveCfg = Release|Win32
		{1260DA47-724F-4676-AC96-035B40E451E7}.Release|Win32.Build.0 = Release|Win32
		{3B4E680F-9206-4AEE-96C4-4DF75CA0D9F6}.Debug|Win32.ActiveCfg = Debug|Win32
		{3B4E680F-9206-4AEE-96C4-4DF75CA0D9F6}.Debug|Win32.Build.0 = Debug|Win32
		{3B4E680F-9206-4AEE-96C4-4DF75CA0D9F6}.Release|Win32.ActiveCfg = Release|Win32
		{3B4E680F-9206-4AEE-96C4-4DF75CA0D9F6}.Release|Win32.Build.0 = Release|Win32
		{A7E5BD43-4CC9-4621-AA54-A0037DC3FE41}.Debug|Win32.ActiveCfg = Debug|Win32
		{A7E5BD43-4CC9-4621-AA54-A0037DC3FE41}.Debug|Win32.Build.0 = Debug|Win32
		{A7E5BD43-4CC9-4621-AA54-A0037DC3FE41}.Release|Win32.ActiveCfg = Release|Win32
		{A7E5BD43-4CC9-4621-AA54-A0037DC3FE41}.Release|Win32.Build.0 = Release|Win32
		{09AF5B3E-8E83-4EE4-BA32-67AE2CE800F9}.Debug|Win32.ActiveCfg = Debug|Win32
		{09AF5B3E-8E83-4EE4-BA32-67AE2CE800F9}.Debug|Win32.Build.0 = Debug|Win32
		{09AF5B3E-8E83-4EE4-BA32-67AE2CE800F9}.Release|Win32.ActiveCfg = Release|Win32
		{09AF5B3E-8E83-4EE4-BA32-67AE2CE800F9}.Release|Win32.Build.0 = Release|Win32
		{706B80F0-0CA9-4F6D-B26A-D3268626A983}.Debug|Win32.ActiveCfg = Debug|Win32
		{706B80F0-0CA9-4F6D-B26A-D3268626A983}.Debug|Win32.Build.0 = Debug|Win32
		{706B80F0-0CA9-4F6D-B26A-D3268626A983}.Release|Win32.ActiveCfg = Release|Win32
		{706B80F0-0CA9-4F6D-B26A-D3268626A983}.Release|Win32.Build.0 = Release|Win32
		{F7A59952-196E-4099-A858-1010C4284126}.Debug|Win32.ActiveCfg = Debug|Win32
		{F7A59952-196E-4099-A858-1010C4284126}.Debug|Win32.Build.0 = Debug|Win32
		{F7A59952-196E-4099-A858-1010C4284126}.Release|Win32.ActiveCfg = Release|Win32
		{F7A59952-196E-4099-A858-1010C4284126}.Release|Win32.Build.0 = Release|Win32
		{E5BE8E3F-9165-4C56-AEB4-C3703F436CBB}.Debug|Win32.ActiveCfg = Debug|Win32
		{E5BE8E3F-9165-4C56-AEB4-C3703F436CBB}.Debug|Win32.Build.0 = Debug|Win32
		{E5BE8E3F-9165-4C56-AEB4-C3703F436CBB}.Release|Win32.ActiveCfg = Release|Win32
		{E5BE8E3F-9165-4C56-AEB4-C3703F436CBB}.Release|Win32.Build.0 = Release|Win32
		{1897A5C3-E00B-4E4E-9FBA-FFE5DFC5BD30}.Debug|Win32.ActiveCfg = Debug|Win32
		{1897A5C3-E00B-4E4E-9FBA-FFE5DFC5BD30}.Debug|Win32.Build.0 = Debug|Win32
		{1897A5C3-E00B-4E4E-9FBA-FFE5DFC5BD30}.Release|Win32.ActiveCfg = Release|Win32
		{1897A5C3-E00B-4E4E-9FBA-FFE5DFC5BD30}.Release|Win32.Build.0 = Release|Win32
		{B1782056-D9FB-46E2-AF3F-45D3AB988A53}.Debug|Win32.ActiveCfg = Debug|Win32
		{B1782056-D9FB-46E2-AF3F-45D3AB988A53}.Debug|Win32.Build.0 = Debug|Win32
		{B1782056-D9FB-46E2-AF3F-45D3AB988A53}.Release|Win32.ActiveCfg = Release|Win32
		{B1782056-D9FB-46E2-AF3F-45D3AB988A53}.Release|Win32.Build.0 = Release|Win32
		{BB5DABE8-3858-45CF-99BE-4393F041247D}.Debug|Win32.ActiveCfg = Debug|Win32
		{BB5DABE8-3858-45CF-99BE-4393F041247D}.Debug|Win32.Build.0 = Debug|Win32
		{BB5DABE8-3858-45CF-99BE-4393F041247D}.Release|Win32.ActiveCfg = Release|Win32
		{BB5DABE8-3858-45CF-99BE-4393F041247D}.Release|Win32.Build.0 = Release|Win32
		{5293E907-7BF8-4121-B360-7CD07D0E12DC}.Debug|Win32.ActiveCfg = Debug|Win32
		{5293E907-7BF8-4121-B360-7CD07D0E12DC}.Debug|Win32.Build.0 = Debug|Win32
		{5293E907-7BF8-4121-B360-7CD07D0E12DC}.Release|Win32.ActiveCfg = Release|Win32
		{5293E907-7BF8-4121-B360-7CD07D0E12DC}.Release|Win32.Build.0 = Release|Win32
		{BAF56366-9226-46D1-9E6A-9AE62A240F37}.Debug|Win32.ActiveCfg = Debug|Win32
		{BAF56366-9226-46D1-9E6A-9AE62A240F37}.Debug|Win32.Build.0 = Debug|Win32
		{BAF56366-9226-46D1-9E6A-9AE62A240F37}.Release|Win32.ActiveCfg = Release|Win32
		{BAF56366-9226-46D1-9E6A-9AE62A240F37}.Release|Win32.Build.0 = Release|Win32
		{E8F08F42-C1D5-4484-97E3-FEE3ACEE83D7}.Debug|Win32.ActiveCfg = Debug|Win32
		{E8F08F42-C1D5-4484-97E3-FEE3ACEE83D7}.Debug|Win32.Build.0 = Debug|Win32
		{E8F08F42-C1D5-4484-97E3-FEE3ACEE83D7}.Release|Win32.ActiveCfg = Release|Win32
		{E8F08F42-C1D5-4484-97E3-FEE3ACEE83D7}.Release|Win32.Build.0 = Release|Win32
		{25A0D6FD-2E58-4469-9077-83E1953262EB}.Debug|Win32.ActiveCfg = Debug|Win32
		{25A0D6FD-2E58-4469-9077-83E1953262EB}.Debug|Win32.Build.0 = Debug|Win32
		{25A0D6FD-2E58-4469-9077-83E1953262EB}.Release|Win32.ActiveCfg = Release|Win32
		{25A0D6FD-2E58-4469-9077-83E1953262EB}.Release|Win32.Build.0 = Release|Win32
		{5C1F246E-B629-4C78-99F4-57746180E561}.Debug|Win32.ActiveCfg = Debug|Win32
		{5C1F246E-B629-4C78-99F4-57746180E561}.Debug|Win32.Build.0 = Debug|Win32
		{5C1F246E-B629-4C78-99F4-57746180E561}.Release|Win32.ActiveCfg = Release|Win32
		{5C1F246E-B629-4C78-99F4-57746180E561}.Release|Win32.Build.0 = Release|Win32
		{9B31882F-7DAE-4768-831D-70352EF7CFCE}.Debug|Win32.ActiveCfg = Debug|Win32
		{9B31882F-7DAE-4768-831D-70352EF7CFCE}.Debug|Win32.Build.0 = Debug|Win32
		{9B31882F-7DAE-4768-831D-70352EF7CFCE}.Release|Win32.ActiveCfg = Release|Win32
		{9B31882F-7DAE-4768-831D-70352EF7CFCE}.Release|Win32.Build.0 = Release|Win32
		{A58EC35B-666B-4D6A-85FB-26703A3CF1CD}.Debug|Win32.ActiveCfg = Debug|Win32
		{A58EC35B-666B-4D6A-85FB-26703A3CF1CD}.Debug|Win32.Build.0 = Debug|Win32
		{A58EC35B-666B-4D6A-85FB-26703A3CF1CD}.Release|Win32.ActiveCfg = Release|Win32
		{A58EC35B-666B-4D6A-85FB-26703A3CF1CD}.Release|Win32.Build.0 = Release|Win32
		{C5EB6991-713A-46AF-8238-4732C43B2C90}.Debug|Win32.ActiveCfg = Debug|Win32
		{C5EB6991-713A-46AF-8238-4732C43B2C90}.Debug|Win32.Build.0 = Debug|Win32
		{C5EB6991-713A-46AF-8238-4732C43B2C90}.Release|Win32.ActiveCfg = Release|Win32
		{C5EB6991-713A-46AF-8238-4732C43B2C90}.Release|Win32.Build.0 = Release|Win32
		{40C66909-E288-4443-A9D3-1E32870E44D6}.Debug|Win32.ActiveCfg = Debug|Win32
		{40C66909-E288-4443-A9D3-1E32870E44D6}.Debug|Win32.Build.0 = Debug|Win32
		{40C66909-E288-4443-A9D3-1E32870E44D6}.Release|Win32.ActiveCfg = Release|Win32
		{40C66909-E288-4443-A9D3-1E32870E44D6}.Release|Win32.Build.0 = Release|Win32
		{E4AEA987-82BC-489B-97D0-95276775C3CC}.Debug|Win32.ActiveCfg = Debug|Win32
		{E4AEA987-82BC-489B-97D0-95276775C3CC}.Debug|Win32.Build.0 = Debug|Win32
		{E4AEA987-82BC-489B-97D0-95276775C3CC}.Release|Win32.ActiveCfg = Release|Win32
		{E4AEA987-82BC-489B-97D0-95276775C3CC}.Release|Win32.Build.0 = Release|Win32
		{1F43915A-FB65-442A-BB2D-BD62587CCD1F}.Debug|Win32.ActiveCfg = Debug|Win32
		{1F43915A-FB65-442A-BB2D-BD62587CCD1F}.Debug|Win32.Build.0 = Debug|Win32
		{1F43915A-FB65-442A-BB2D-BD62587CCD1F}.Release|Win32.ActiveCfg = Release|Win32
		{1F43915A-FB65-442A-BB2D-BD62587CCD1F}.Release|Win32.Build.0 = Release|Win32
		{626A63A2-4841-49C4-88CC-8A795AE66B0A}.Debug|Win32.ActiveCfg = Debug|Win32
		{626A63A2-4841-49C4-88CC-8A795AE66B0A}.Debug|Win32.Build.0 = Debug|Win32
		{626A63A2-4841-49C4-88CC-8A795AE66B0A}.Release|Win32.ActiveCfg = Release|Win32
		{626A63A2-4841-49C4-88CC-8A795AE66B0A}.Release|Win32.Build.0 = Release|Win32
		{8A60DC1A-5FEB-4515-AEC7-3DE385C0FA9F}.Debug|Win32.ActiveCfg = Debug|Win32
		{8A60DC1A-5FEB-4515-AEC7-3DE385C0FA9F}.Debug|Win32.Build.0 = Debug|Win32
		{8A60DC1A-5FEB-4515-AEC7-3DE385C0FA9F}.Release|Win32.ActiveCfg = Release|Win32
		{8A60DC1A-5FEB-4515-AEC7-3DE385C0FA9F}.Release|Win32.Build.0 = Release|Win32
		{D4A2122C-10EC-4ECC-AA2B-77451683E475}.Debug|Win32.ActiveCfg = Debug|Win32
		{D4A2122C-10EC-4ECC-AA2B-77451683E475}.Debug|Win32.Build.0 = Debug|Win32
		{D4A2122C-10EC-4ECC-AA2B-77451683E475}.Release|Win32.ActiveCfg = Release|Win32
		{D4A2122C-10EC-4ECC-AA2B-77451683E475}.Release|Win32.Build.0 = Release|Win32
		{1AA44EEA-9E02-4731-8259-E7FBBC098054}.Debug|Win32.ActiveCfg = Debug|Win32
		{1AA44EEA-9E02-4731-8259-E7FBBC098054}.Debug|Win32.Build.0 = Debug|Win32
		{1AA44EEA-9E02-4731-8259-E7FBBC098054}.Release|Win32.ActiveCfg = Release|Win32
		{1AA44EEA-9E02-4731-8259-E7FBBC098054}.Release|Win32.Build.0 = Release|Win32
		{79865053-A647-47B2-8B29-8E651BCA500D}.Debug|Win32.ActiveCfg = Debug|Win32
		{79865053-A647-47B2-8B29-8E651BCA500D}.Debug|Win32.Build.0 = Debug|Win32
		{79865053-A647-47B2-8B29-8E651BCA500D}.Release|Win32.ActiveCfg = Release|Win32
		{79865053-A647-47B2-8B29-8E651BCA500D}.Release|Win32.Build.0 = Release|Win32
		{484D0B27-0BC7-4394-B15B-3378BB1C695F}.Debug|Win32.ActiveCfg = Debug|Win32
		{484D0B27-0BC7-4394-B15B-3378BB1C695F}.Debug|Win32.Build.0 = Debug|Win32
		{484D0B27-0BC7-4394-B15B-3378BB1C695F}.Release|Win32.ActiveCfg = Release|Win32
		{484D0B27-0BC7-4394-B15B-3378BB1C695F}.Release|Win32.Build.0 = Release|Win32
		{385CB16E-10B7-4811-A3A7-C738CCDBB815}.Debug|Win32.ActiveCfg = Debug|Win32
		{385CB16E-10B7-4811-A3A7-C738CCDBB815}.Debug|Win32.Build.0 = Debug|Win32
		{385CB16E-10B7-4811-A3A7-C738CCDBB815}.Release|Win32.ActiveCfg = Release|Win32
		{385CB16E-10B7-4811-A3A7-C738CCDBB815}.Release|Win32.Build.0 = Release|Win32
		{7DDB2990-30E8-4DB7-8E56-D9FC33E46960}.Debug|Win32.ActiveCfg = Debug|Win32
		{7DDB2990-30E8-4DB7-8E56-D9FC33E46960}.Debug|Win32.Build.0 = Debug|Win32
		{7DDB2990-30E8-4DB7-8E56-D9FC33E46960}.Release|Win32.ActiveCfg = Release|Win32
		{7DDB2990-30E8-4DB7-8E56-D9FC33E46960}.Release|Win32.Build.0 = Release|Win32
		{2C38554F-1265-463F-8224-39695BEA25D3}.Debug|Win32.ActiveCfg = Debug|Win32
		{2C38554F-1265-463F-8224-39695BEA25D3}.Debug|Win32.Build.0 = Debug|Win32
		{2C38554F-1265-463F-8224-39695BEA25D3}.Release|Win32.ActiveCfg = Release|Win32
		{2C38554F-1265-463F-8224-39695BEA25D3}.Release|Win32.Build.0 = Release|Win32
		{CC36F267-4779-4CF9-AE84-42EC9E4A4438}.Debug|Win32.ActiveCfg = Debug|Win32
		{CC36F267-4779-4CF9-AE84-42EC9E4A4438}.Debug|Win32.Build.0 = Debug|Win32
		{CC36F267-4779-4CF9-AE84-42EC9E4A4438}.Release|Win32.ActiveCfg = Release|Win32
		{CC36F267-4779-4CF9-AE84-42EC9E4A4438}.Release|Win32.Build.0 = Release|Win32
		{359E3342-A38C-4B08-A17A-8AAF68BA172F}.Debug|Win32.ActiveCfg = Debug|Win32
		{359E3342-A38C-4B08-A17A-8AAF68BA172F}.Debug|Win32.Build.0 = Debug|Win32
		{359E3342-A38C-4B08-A17A-8AAF68BA172F}.Release|Win32.ActiveCfg = Release|Win32
		{359E3342-A38C-4B08-A17A-8AAF68BA172F}.Release|Win32.Build.0 = Release|Win32
	EndGlobalSection
	GlobalSection(SolutionProperties) = preSolution
		HideSolutionNode = FALSE
	EndGlobalSection
EndGlobal
