
Microsoft Visual Studio Solution File, Format Version 11.00
# Visual Studio 2010
Project("{8BC9CEB8-8B4A-11D0-8D11-00A0C91BC942}") = "模态与非模态", "模态与非模态\模态与非模态.vcxproj", "{F363EC69-D769-4546-98FB-C0F3C882F058}"
EndProject
Project("{8BC9CEB8-8B4A-11D0-8D11-00A0C91BC942}") = "屏幕保护程序", "屏幕保护程序\屏幕保护程序.vcxproj", "{9D9A03AF-D768-4D6F-9DC4-1CA9A9896C8C}"
EndProject
Project("{8BC9CEB8-8B4A-11D0-8D11-00A0C91BC942}") = "MiniSaver", "MiniSaver\MiniSaver.vcxproj", "{541BE4D8-2B7F-438F-9DE9-D55617C5DDE0}"
EndProject
Project("{8BC9CEB8-8B4A-11D0-8D11-00A0C91BC942}") = "存储窗体位置", "存储窗体位置\存储窗体位置.vcxproj", "{E7D98F4F-AE89-435F-BD53-D7E45FB02225}"
EndProject
Project("{8BC9CEB8-8B4A-11D0-8D11-00A0C91BC942}") = "简单Gif", "简单Gif\简单Gif.vcxproj", "{A1850746-3CE5-4BD2-A36A-10B792B7D8D2}"
EndProject
Project("{8BC9CEB8-8B4A-11D0-8D11-00A0C91BC942}") = "打击小游戏", "打击小游戏\打击小游戏.vcxproj", "{A47EBB3C-E527-42F9-B977-03931875186D}"
EndProject
Project("{8BC9CEB8-8B4A-11D0-8D11-00A0C91BC942}") = "自定义资源的操作", "自定义资源的操作\自定义资源的操作.vcxproj", "{2FCF0A37-B891-4A79-A108-BE792ADCA9F4}"
EndProject
Global
	GlobalSection(SolutionConfigurationPlatforms) = preSolution
		Debug|Win32 = Debug|Win32
		Release|Win32 = Release|Win32
	EndGlobalSection
	GlobalSection(ProjectConfigurationPlatforms) = postSolution
		{F363EC69-D769-4546-98FB-C0F3C882F058}.Debug|Win32.ActiveCfg = Debug|Win32
		{F363EC69-D769-4546-98FB-C0F3C882F058}.Debug|Win32.Build.0 = Debug|Win32
		{F363EC69-D769-4546-98FB-C0F3C882F058}.Release|Win32.ActiveCfg = Release|Win32
		{F363EC69-D769-4546-98FB-C0F3C882F058}.Release|Win32.Build.0 = Release|Win32
		{9D9A03AF-D768-4D6F-9DC4-1CA9A9896C8C}.Debug|Win32.ActiveCfg = Debug|Win32
		{9D9A03AF-D768-4D6F-9DC4-1CA9A9896C8C}.Debug|Win32.Build.0 = Debug|Win32
		{9D9A03AF-D768-4D6F-9DC4-1CA9A9896C8C}.Release|Win32.ActiveCfg = Release|Win32
		{9D9A03AF-D768-4D6F-9DC4-1CA9A9896C8C}.Release|Win32.Build.0 = Release|Win32
		{541BE4D8-2B7F-438F-9DE9-D55617C5DDE0}.Debug|Win32.ActiveCfg = Debug|Win32
		{541BE4D8-2B7F-438F-9DE9-D55617C5DDE0}.Debug|Win32.Build.0 = Debug|Win32
		{541BE4D8-2B7F-438F-9DE9-D55617C5DDE0}.Release|Win32.ActiveCfg = Release|Win32
		{541BE4D8-2B7F-438F-9DE9-D55617C5DDE0}.Release|Win32.Build.0 = Release|Win32
		{E7D98F4F-AE89-435F-BD53-D7E45FB02225}.Debug|Win32.ActiveCfg = Debug|Win32
		{E7D98F4F-AE89-435F-BD53-D7E45FB02225}.Debug|Win32.Build.0 = Debug|Win32
		{E7D98F4F-AE89-435F-BD53-D7E45FB02225}.Release|Win32.ActiveCfg = Release|Win32
		{E7D98F4F-AE89-435F-BD53-D7E45FB02225}.Release|Win32.Build.0 = Release|Win32
		{A1850746-3CE5-4BD2-A36A-10B792B7D8D2}.Debug|Win32.ActiveCfg = Debug|Win32
		{A1850746-3CE5-4BD2-A36A-10B792B7D8D2}.Debug|Win32.Build.0 = Debug|Win32
		{A1850746-3CE5-4BD2-A36A-10B792B7D8D2}.Release|Win32.ActiveCfg = Release|Win32
		{A1850746-3CE5-4BD2-A36A-10B792B7D8D2}.Release|Win32.Build.0 = Release|Win32
		{A47EBB3C-E527-42F9-B977-03931875186D}.Debug|Win32.ActiveCfg = Debug|Win32
		{A47EBB3C-E527-42F9-B977-03931875186D}.Debug|Win32.Build.0 = Debug|Win32
		{A47EBB3C-E527-42F9-B977-03931875186D}.Release|Win32.ActiveCfg = Release|Win32
		{A47EBB3C-E527-42F9-B977-03931875186D}.Release|Win32.Build.0 = Release|Win32
		{2FCF0A37-B891-4A79-A108-BE792ADCA9F4}.Debug|Win32.ActiveCfg = Debug|Win32
		{2FCF0A37-B891-4A79-A108-BE792ADCA9F4}.Debug|Win32.Build.0 = Debug|Win32
		{2FCF0A37-B891-4A79-A108-BE792ADCA9F4}.Release|Win32.ActiveCfg = Release|Win32
		{2FCF0A37-B891-4A79-A108-BE792ADCA9F4}.Release|Win32.Build.0 = Release|Win32
	EndGlobalSection
	GlobalSection(SolutionProperties) = preSolution
		HideSolutionNode = FALSE
	EndGlobalSection
EndGlobal
