
Microsoft Visual Studio Solution File, Format Version 11.00
# Visual Studio 2010
Project("{8BC9CEB8-8B4A-11D0-8D11-00A0C91BC942}") = "模态与非模态", "模态与非模态\模态与非模态.vcxproj", "{F363EC69-D769-4546-98FB-C0F3C882F058}"
EndProject
Project("{8BC9CEB8-8B4A-11D0-8D11-00A0C91BC942}") = "屏幕保护程序", "屏幕保护程序\屏幕保护程序.vcxproj", "{9D9A03AF-D768-4D6F-9DC4-1CA9A9896C8C}"
EndProject
Project("{8BC9CEB8-8B4A-11D0-8D11-00A0C91BC942}") = "MiniSaver", "MiniSaver\MiniSaver.vcxproj", "{541BE4D8-2B7F-438F-9DE9-D55617C5DDE0}"
EndProject
Project("{8BC9CEB8-8B4A-11D0-8D11-00A0C91BC942}") = "存储窗体位置", "存储窗体位置\存储窗体位置.vcxproj", "{E7D98F4F-AE89-435F-BD53-D7E45FB02225}"
EndProject
Project("{8BC9CEB8-8B4A-11D0-8D11-00A0C91BC942}") = "简单Gif", "简单Gif\简单Gif.vcxproj", "{A1850746-3CE5-4BD2-A36A-10B792B7D8D2}"
EndProject
Project("{8BC9CEB8-8B4A-11D0-8D11-00A0C91BC942}") = "打击小游戏", "打击小游戏\打击小游戏.vcxproj", "{A47EBB3C-E527-42F9-B977-03931875186D}"
EndProject
Project("{8BC9CEB8-8B4A-11D0-8D11-00A0C91BC942}") = "自定义资源的操作", "自定义资源的操作\自定义资源的操作.vcxproj", "{2FCF0A37-B891-4A79-A108-BE792ADCA9F4}"
EndProject
Project("{8BC9CEB8-8B4A-11D0-8D11-00A0C91BC942}") = "TextDll", "TextDll\TextDll.vcxproj", "{FC06F95C-D85B-427B-9E04-A04D5E7D1B0E}"
EndProject
Project("{8BC9CEB8-8B4A-11D0-8D11-00A0C91BC942}") = "textDemo", "textDemo\textDemo.vcxproj", "{E253A0FC-6D8A-46D5-AFBB-5BA4EAD10A7F}"
EndProject
Project("{8BC9CEB8-8B4A-11D0-8D11-00A0C91BC942}") = "TextDll2", "TextDll2\TextDll2.vcxproj", "{4699F8EC-6324-4DEA-AF33-B8882695C811}"
EndProject
Project("{8BC9CEB8-8B4A-11D0-8D11-00A0C91BC942}") = "TextDemo2", "TextDemo2\TextDemo2.vcxproj", "{E902AEE3-CCA4-4E74-BC57-65B837BC929E}"
EndProject
Project("{8BC9CEB8-8B4A-11D0-8D11-00A0C91BC942}") = "更改图标测试", "更改图标测试\更改图标测试.vcxproj", "{9BAB41CE-52F1-4155-988F-DCBCD8453557}"
EndProject
Project("{8BC9CEB8-8B4A-11D0-8D11-00A0C91BC942}") = "自定义消息", "自定义消息\自定义消息.vcxproj", "{E6A25EFF-E80F-4CC9-8415-C6B99B2EB7F0}"
EndProject
Project("{8BC9CEB8-8B4A-11D0-8D11-00A0C91BC942}") = "文件标准对话框", "文件标准对话框\文件标准对话框.vcxproj", "{48F11409-808F-41F7-B188-614E442C7875}"
EndProject
Project("{8BC9CEB8-8B4A-11D0-8D11-00A0C91BC942}") = "修改对话框标题", "修改标题_欢迎_退出确认_遍历控件_Esc按键屏蔽\修改对话框标题.vcxproj", "{8129E75B-8D66-4260-A170-96BF6C3ED6E7}"
EndProject
Project("{8BC9CEB8-8B4A-11D0-8D11-00A0C91BC942}") = "登录界面2", "登录验证_始终最上_QQ隐藏_隐藏显示标题栏_设置MFCToolBar\登录界面2.vcxproj", "{B5AEAEED-0860-4BE4-A800-5981944C109D}"
EndProject
Project("{8BC9CEB8-8B4A-11D0-8D11-00A0C91BC942}") = "可调节透明度的窗体", "可调节透明度的窗体\可调节透明度的窗体.vcxproj", "{3EFCEE08-72C9-465E-87AF-19DAC33DBC1D}"
EndProject
Project("{8BC9CEB8-8B4A-11D0-8D11-00A0C91BC942}") = "单文档应用程序", "单文档应用程序_视图背景OnDraw_视图初始化_拆分窗口\单文档应用程序.vcxproj", "{D891BB96-BB51-4B37-B9EF-35470435FDF8}"
EndProject
Project("{8BC9CEB8-8B4A-11D0-8D11-00A0C91BC942}") = "星座物语2", "视图和工具栏配合_星座物语\星座物语2.vcxproj", "{46748B8C-B1CF-41E2-9FBB-5FAE38ACA09B}"
EndProject
Project("{8BC9CEB8-8B4A-11D0-8D11-00A0C91BC942}") = "图标导航", "图标导航_分割窗口_分割窗口互相通信\图标导航.vcxproj", "{FED1F1DC-F12F-4BBB-BB97-E07298DEE456}"
EndProject
Project("{8BC9CEB8-8B4A-11D0-8D11-00A0C91BC942}") = "树形导航", "树形导航_树形视图添加节点_通过继承修改框架中类的行为\树形导航.vcxproj", "{5461F7EC-467B-4573-9B18-829492988207}"
EndProject
Project("{8BC9CEB8-8B4A-11D0-8D11-00A0C91BC942}") = "表单视图中设计窗体", "表单视图中设计窗体[对话框视图]_控件大小等比例变化\表单视图中设计窗体.vcxproj", "{3EDBD0F3-3B4D-4B52-9C24-F9FE190D4BDB}"
EndProject
Project("{8BC9CEB8-8B4A-11D0-8D11-00A0C91BC942}") = "目录树视图", "目录树视图_类似于window的资源管理器的树★\目录树视图.vcxproj", "{7939D9D3-A0CC-4686-91E9-C08CB016AFE3}"
EndProject
Project("{8BC9CEB8-8B4A-11D0-8D11-00A0C91BC942}") = "对话框调用文档视图(打印)", "对话框调用文档视图(打印)\对话框调用文档视图(打印).vcxproj", "{A8ADFA6E-6AD0-4B80-BA82-0242E9CC5F78}"
EndProject
Project("{8BC9CEB8-8B4A-11D0-8D11-00A0C91BC942}") = "使用HTML视图设计网页浏览器", "使用HTML视图设计网页浏览器_dlgbar附加到框架上[设置]\使用HTML视图设计网页浏览器.vcxproj", "{49A9FF31-90CF-4AB0-A9C2-AAC6AB1E4866}"
EndProject
Project("{8BC9CEB8-8B4A-11D0-8D11-00A0C91BC942}") = "浮动窗口", "浮动窗口_涉及到对话框_浮动窗口_窗口大小自动调整(比较复杂)★\浮动窗口.vcxproj", "{DA72D544-CFAD-497A-97F7-6E3A6EB2B224}"
EndProject
Project("{8BC9CEB8-8B4A-11D0-8D11-00A0C91BC942}") = "自绘静态文本", "自绘静态文本_静态文本和单多选的背景透明\自绘静态文本.vcxproj", "{F2516409-9FC3-4F4E-ABB7-4EF0E77ADAD6}"
EndProject
Project("{8BC9CEB8-8B4A-11D0-8D11-00A0C91BC942}") = "自绘网页超链接静态文本", "自绘网页超链接静态文本_处理自绘_控件中消息处理_PreSubclassWindow\自绘网页超链接静态文本.vcxproj", "{862C464E-2EBA-4146-82F4-15303C1FC89F}"
EndProject
Global
	GlobalSection(SolutionConfigurationPlatforms) = preSolution
		Debug|Win32 = Debug|Win32
		Release|Win32 = Release|Win32
	EndGlobalSection
	GlobalSection(ProjectConfigurationPlatforms) = postSolution
		{F363EC69-D769-4546-98FB-C0F3C882F058}.Debug|Win32.ActiveCfg = Debug|Win32
		{F363EC69-D769-4546-98FB-C0F3C882F058}.Debug|Win32.Build.0 = Debug|Win32
		{F363EC69-D769-4546-98FB-C0F3C882F058}.Release|Win32.ActiveCfg = Release|Win32
		{F363EC69-D769-4546-98FB-C0F3C882F058}.Release|Win32.Build.0 = Release|Win32
		{9D9A03AF-D768-4D6F-9DC4-1CA9A9896C8C}.Debug|Win32.ActiveCfg = Debug|Win32
		{9D9A03AF-D768-4D6F-9DC4-1CA9A9896C8C}.Debug|Win32.Build.0 = Debug|Win32
		{9D9A03AF-D768-4D6F-9DC4-1CA9A9896C8C}.Release|Win32.ActiveCfg = Release|Win32
		{9D9A03AF-D768-4D6F-9DC4-1CA9A9896C8C}.Release|Win32.Build.0 = Release|Win32
		{541BE4D8-2B7F-438F-9DE9-D55617C5DDE0}.Debug|Win32.ActiveCfg = Debug|Win32
		{541BE4D8-2B7F-438F-9DE9-D55617C5DDE0}.Debug|Win32.Build.0 = Debug|Win32
		{541BE4D8-2B7F-438F-9DE9-D55617C5DDE0}.Release|Win32.ActiveCfg = Release|Win32
		{541BE4D8-2B7F-438F-9DE9-D55617C5DDE0}.Release|Win32.Build.0 = Release|Win32
		{E7D98F4F-AE89-435F-BD53-D7E45FB02225}.Debug|Win32.ActiveCfg = Debug|Win32
		{E7D98F4F-AE89-435F-BD53-D7E45FB02225}.Debug|Win32.Build.0 = Debug|Win32
		{E7D98F4F-AE89-435F-BD53-D7E45FB02225}.Release|Win32.ActiveCfg = Release|Win32
		{E7D98F4F-AE89-435F-BD53-D7E45FB02225}.Release|Win32.Build.0 = Release|Win32
		{A1850746-3CE5-4BD2-A36A-10B792B7D8D2}.Debug|Win32.ActiveCfg = Debug|Win32
		{A1850746-3CE5-4BD2-A36A-10B792B7D8D2}.Debug|Win32.Build.0 = Debug|Win32
		{A1850746-3CE5-4BD2-A36A-10B792B7D8D2}.Release|Win32.ActiveCfg = Release|Win32
		{A1850746-3CE5-4BD2-A36A-10B792B7D8D2}.Release|Win32.Build.0 = Release|Win32
		{A47EBB3C-E527-42F9-B977-03931875186D}.Debug|Win32.ActiveCfg = Debug|Win32
		{A47EBB3C-E527-42F9-B977-03931875186D}.Debug|Win32.Build.0 = Debug|Win32
		{A47EBB3C-E527-42F9-B977-03931875186D}.Release|Win32.ActiveCfg = Release|Win32
		{A47EBB3C-E527-42F9-B977-03931875186D}.Release|Win32.Build.0 = Release|Win32
		{2FCF0A37-B891-4A79-A108-BE792ADCA9F4}.Debug|Win32.ActiveCfg = Debug|Win32
		{2FCF0A37-B891-4A79-A108-BE792ADCA9F4}.Debug|Win32.Build.0 = Debug|Win32
		{2FCF0A37-B891-4A79-A108-BE792ADCA9F4}.Release|Win32.ActiveCfg = Release|Win32
		{2FCF0A37-B891-4A79-A108-BE792ADCA9F4}.Release|Win32.Build.0 = Release|Win32
		{FC06F95C-D85B-427B-9E04-A04D5E7D1B0E}.Debug|Win32.ActiveCfg = Debug|Win32
		{FC06F95C-D85B-427B-9E04-A04D5E7D1B0E}.Debug|Win32.Build.0 = Debug|Win32
		{FC06F95C-D85B-427B-9E04-A04D5E7D1B0E}.Release|Win32.ActiveCfg = Release|Win32
		{FC06F95C-D85B-427B-9E04-A04D5E7D1B0E}.Release|Win32.Build.0 = Release|Win32
		{E253A0FC-6D8A-46D5-AFBB-5BA4EAD10A7F}.Debug|Win32.ActiveCfg = Debug|Win32
		{E253A0FC-6D8A-46D5-AFBB-5BA4EAD10A7F}.Debug|Win32.Build.0 = Debug|Win32
		{E253A0FC-6D8A-46D5-AFBB-5BA4EAD10A7F}.Release|Win32.ActiveCfg = Release|Win32
		{E253A0FC-6D8A-46D5-AFBB-5BA4EAD10A7F}.Release|Win32.Build.0 = Release|Win32
		{4699F8EC-6324-4DEA-AF33-B8882695C811}.Debug|Win32.ActiveCfg = Debug|Win32
		{4699F8EC-6324-4DEA-AF33-B8882695C811}.Debug|Win32.Build.0 = Debug|Win32
		{4699F8EC-6324-4DEA-AF33-B8882695C811}.Release|Win32.ActiveCfg = Release|Win32
		{4699F8EC-6324-4DEA-AF33-B8882695C811}.Release|Win32.Build.0 = Release|Win32
		{E902AEE3-CCA4-4E74-BC57-65B837BC929E}.Debug|Win32.ActiveCfg = Debug|Win32
		{E902AEE3-CCA4-4E74-BC57-65B837BC929E}.Debug|Win32.Build.0 = Debug|Win32
		{E902AEE3-CCA4-4E74-BC57-65B837BC929E}.Release|Win32.ActiveCfg = Release|Win32
		{E902AEE3-CCA4-4E74-BC57-65B837BC929E}.Release|Win32.Build.0 = Release|Win32
		{9BAB41CE-52F1-4155-988F-DCBCD8453557}.Debug|Win32.ActiveCfg = Debug|Win32
		{9BAB41CE-52F1-4155-988F-DCBCD8453557}.Debug|Win32.Build.0 = Debug|Win32
		{9BAB41CE-52F1-4155-988F-DCBCD8453557}.Release|Win32.ActiveCfg = Release|Win32
		{9BAB41CE-52F1-4155-988F-DCBCD8453557}.Release|Win32.Build.0 = Release|Win32
		{E6A25EFF-E80F-4CC9-8415-C6B99B2EB7F0}.Debug|Win32.ActiveCfg = Debug|Win32
		{E6A25EFF-E80F-4CC9-8415-C6B99B2EB7F0}.Debug|Win32.Build.0 = Debug|Win32
		{E6A25EFF-E80F-4CC9-8415-C6B99B2EB7F0}.Release|Win32.ActiveCfg = Release|Win32
		{E6A25EFF-E80F-4CC9-8415-C6B99B2EB7F0}.Release|Win32.Build.0 = Release|Win32
		{48F11409-808F-41F7-B188-614E442C7875}.Debug|Win32.ActiveCfg = Debug|Win32
		{48F11409-808F-41F7-B188-614E442C7875}.Debug|Win32.Build.0 = Debug|Win32
		{48F11409-808F-41F7-B188-614E442C7875}.Release|Win32.ActiveCfg = Release|Win32
		{48F11409-808F-41F7-B188-614E442C7875}.Release|Win32.Build.0 = Release|Win32
		{8129E75B-8D66-4260-A170-96BF6C3ED6E7}.Debug|Win32.ActiveCfg = Debug|Win32
		{8129E75B-8D66-4260-A170-96BF6C3ED6E7}.Debug|Win32.Build.0 = Debug|Win32
		{8129E75B-8D66-4260-A170-96BF6C3ED6E7}.Release|Win32.ActiveCfg = Release|Win32
		{8129E75B-8D66-4260-A170-96BF6C3ED6E7}.Release|Win32.Build.0 = Release|Win32
		{B5AEAEED-0860-4BE4-A800-5981944C109D}.Debug|Win32.ActiveCfg = Debug|Win32
		{B5AEAEED-0860-4BE4-A800-5981944C109D}.Debug|Win32.Build.0 = Debug|Win32
		{B5AEAEED-0860-4BE4-A800-5981944C109D}.Release|Win32.ActiveCfg = Release|Win32
		{B5AEAEED-0860-4BE4-A800-5981944C109D}.Release|Win32.Build.0 = Release|Win32
		{3EFCEE08-72C9-465E-87AF-19DAC33DBC1D}.Debug|Win32.ActiveCfg = Debug|Win32
		{3EFCEE08-72C9-465E-87AF-19DAC33DBC1D}.Debug|Win32.Build.0 = Debug|Win32
		{3EFCEE08-72C9-465E-87AF-19DAC33DBC1D}.Release|Win32.ActiveCfg = Release|Win32
		{3EFCEE08-72C9-465E-87AF-19DAC33DBC1D}.Release|Win32.Build.0 = Release|Win32
		{D891BB96-BB51-4B37-B9EF-35470435FDF8}.Debug|Win32.ActiveCfg = Debug|Win32
		{D891BB96-BB51-4B37-B9EF-35470435FDF8}.Debug|Win32.Build.0 = Debug|Win32
		{D891BB96-BB51-4B37-B9EF-35470435FDF8}.Release|Win32.ActiveCfg = Release|Win32
		{D891BB96-BB51-4B37-B9EF-35470435FDF8}.Release|Win32.Build.0 = Release|Win32
		{46748B8C-B1CF-41E2-9FBB-5FAE38ACA09B}.Debug|Win32.ActiveCfg = Debug|Win32
		{46748B8C-B1CF-41E2-9FBB-5FAE38ACA09B}.Debug|Win32.Build.0 = Debug|Win32
		{46748B8C-B1CF-41E2-9FBB-5FAE38ACA09B}.Release|Win32.ActiveCfg = Release|Win32
		{46748B8C-B1CF-41E2-9FBB-5FAE38ACA09B}.Release|Win32.Build.0 = Release|Win32
		{FED1F1DC-F12F-4BBB-BB97-E07298DEE456}.Debug|Win32.ActiveCfg = Debug|Win32
		{FED1F1DC-F12F-4BBB-BB97-E07298DEE456}.Debug|Win32.Build.0 = Debug|Win32
		{FED1F1DC-F12F-4BBB-BB97-E07298DEE456}.Release|Win32.ActiveCfg = Release|Win32
		{FED1F1DC-F12F-4BBB-BB97-E07298DEE456}.Release|Win32.Build.0 = Release|Win32
		{5461F7EC-467B-4573-9B18-829492988207}.Debug|Win32.ActiveCfg = Debug|Win32
		{5461F7EC-467B-4573-9B18-829492988207}.Debug|Win32.Build.0 = Debug|Win32
		{5461F7EC-467B-4573-9B18-829492988207}.Release|Win32.ActiveCfg = Release|Win32
		{5461F7EC-467B-4573-9B18-829492988207}.Release|Win32.Build.0 = Release|Win32
		{3EDBD0F3-3B4D-4B52-9C24-F9FE190D4BDB}.Debug|Win32.ActiveCfg = Debug|Win32
		{3EDBD0F3-3B4D-4B52-9C24-F9FE190D4BDB}.Debug|Win32.Build.0 = Debug|Win32
		{3EDBD0F3-3B4D-4B52-9C24-F9FE190D4BDB}.Release|Win32.ActiveCfg = Release|Win32
		{3EDBD0F3-3B4D-4B52-9C24-F9FE190D4BDB}.Release|Win32.Build.0 = Release|Win32
		{7939D9D3-A0CC-4686-91E9-C08CB016AFE3}.Debug|Win32.ActiveCfg = Debug|Win32
		{7939D9D3-A0CC-4686-91E9-C08CB016AFE3}.Debug|Win32.Build.0 = Debug|Win32
		{7939D9D3-A0CC-4686-91E9-C08CB016AFE3}.Release|Win32.ActiveCfg = Release|Win32
		{7939D9D3-A0CC-4686-91E9-C08CB016AFE3}.Release|Win32.Build.0 = Release|Win32
		{A8ADFA6E-6AD0-4B80-BA82-0242E9CC5F78}.Debug|Win32.ActiveCfg = Debug|Win32
		{A8ADFA6E-6AD0-4B80-BA82-0242E9CC5F78}.Debug|Win32.Build.0 = Debug|Win32
		{A8ADFA6E-6AD0-4B80-BA82-0242E9CC5F78}.Release|Win32.ActiveCfg = Release|Win32
		{A8ADFA6E-6AD0-4B80-BA82-0242E9CC5F78}.Release|Win32.Build.0 = Release|Win32
		{49A9FF31-90CF-4AB0-A9C2-AAC6AB1E4866}.Debug|Win32.ActiveCfg = Debug|Win32
		{49A9FF31-90CF-4AB0-A9C2-AAC6AB1E4866}.Debug|Win32.Build.0 = Debug|Win32
		{49A9FF31-90CF-4AB0-A9C2-AAC6AB1E4866}.Release|Win32.ActiveCfg = Release|Win32
		{49A9FF31-90CF-4AB0-A9C2-AAC6AB1E4866}.Release|Win32.Build.0 = Release|Win32
		{DA72D544-CFAD-497A-97F7-6E3A6EB2B224}.Debug|Win32.ActiveCfg = Debug|Win32
		{DA72D544-CFAD-497A-97F7-6E3A6EB2B224}.Debug|Win32.Build.0 = Debug|Win32
		{DA72D544-CFAD-497A-97F7-6E3A6EB2B224}.Release|Win32.ActiveCfg = Release|Win32
		{DA72D544-CFAD-497A-97F7-6E3A6EB2B224}.Release|Win32.Build.0 = Release|Win32
		{F2516409-9FC3-4F4E-ABB7-4EF0E77ADAD6}.Debug|Win32.ActiveCfg = Debug|Win32
		{F2516409-9FC3-4F4E-ABB7-4EF0E77ADAD6}.Debug|Win32.Build.0 = Debug|Win32
		{F2516409-9FC3-4F4E-ABB7-4EF0E77ADAD6}.Release|Win32.ActiveCfg = Release|Win32
		{F2516409-9FC3-4F4E-ABB7-4EF0E77ADAD6}.Release|Win32.Build.0 = Release|Win32
		{862C464E-2EBA-4146-82F4-15303C1FC89F}.Debug|Win32.ActiveCfg = Debug|Win32
		{862C464E-2EBA-4146-82F4-15303C1FC89F}.Debug|Win32.Build.0 = Debug|Win32
		{862C464E-2EBA-4146-82F4-15303C1FC89F}.Release|Win32.ActiveCfg = Release|Win32
		{862C464E-2EBA-4146-82F4-15303C1FC89F}.Release|Win32.Build.0 = Release|Win32
	EndGlobalSection
	GlobalSection(SolutionProperties) = preSolution
		HideSolutionNode = FALSE
	EndGlobalSection
EndGlobal
